
Microsoft Visual Studio Solution File, Format Version 12.00
# Visual Studio Version 17
VisualStudioVersion = 17.7.34221.43
MinimumVisualStudioVersion = 10.0.40219.1
Project("{00D1A9C2-B5F0-4AF3-8072-F6C62B433612}") = "Mint_StoresDatabase", "Mint_StoresDatabase\Mint_StoresDatabase.sqlproj", "{38DEA9D9-76AB-49F3-B69B-8ED850F78D3F}"
EndProject
Global
	GlobalSection(SolutionConfigurationPlatforms) = preSolution
		Debug|Any CPU = Debug|Any CPU
		Release|Any CPU = Release|Any CPU
	EndGlobalSection
	GlobalSection(ProjectConfigurationPlatforms) = postSolution
		{38DEA9D9-76AB-49F3-B69B-8ED850F78D3F}.Debug|Any CPU.ActiveCfg = Debug|Any CPU
		{38DEA9D9-76AB-49F3-B69B-8ED850F78D3F}.Debug|Any CPU.Build.0 = Debug|Any CPU
		{38DEA9D9-76AB-49F3-B69B-8ED850F78D3F}.Debug|Any CPU.Deploy.0 = Debug|Any CPU
		{38DEA9D9-76AB-49F3-B69B-8ED850F78D3F}.Release|Any CPU.ActiveCfg = Release|Any CPU
		{38DEA9D9-76AB-49F3-B69B-8ED850F78D3F}.Release|Any CPU.Build.0 = Release|Any CPU
		{38DEA9D9-76AB-49F3-B69B-8ED850F78D3F}.Release|Any CPU.Deploy.0 = Release|Any CPU
	EndGlobalSection
	GlobalSection(SolutionProperties) = preSolution
		HideSolutionNode = FALSE
	EndGlobalSection
	GlobalSection(ExtensibilityGlobals) = postSolution
		SolutionGuid = {E5754BAE-68AD-4645-BC61-502B4A7BB356}
	EndGlobalSection
EndGlobal
